// !$*UTF8*$!
{
	archiveVersion = 1;
	classes = {
	};
	objectVersion = 56;
	objects = {

/* Begin PBXBuildFile section */
		27E89B562A4E1E1A004398DE /* IsTheKegEmptyApp.swift in Sources */ = {isa = PBXBuildFile; fileRef = 27E89B552A4E1E1A004398DE /* IsTheKegEmptyApp.swift */; };
		27E89B582A4E1E1A004398DE /* ContentView.swift in Sources */ = {isa = PBXBuildFile; fileRef = 27E89B572A4E1E1A004398DE /* ContentView.swift */; };
		27E89B5A2A4E1E1A004398DE /* Assets.xcassets in Resources */ = {isa = PBXBuildFile; fileRef = 27E89B592A4E1E1A004398DE /* Assets.xcassets */; };
		27E89B5E2A4E1E1A004398DE /* Preview Assets.xcassets in Resources */ = {isa = PBXBuildFile; fileRef = 27E89B5D2A4E1E1A004398DE /* Preview Assets.xcassets */; };
		27E89B682A4E1E1A004398DE /* IsTheKegEmptyTests.swift in Sources */ = {isa = PBXBuildFile; fileRef = 27E89B672A4E1E1A004398DE /* IsTheKegEmptyTests.swift */; };
		27E89B722A4E1E1A004398DE /* IsTheKegEmptyUITests.swift in Sources */ = {isa = PBXBuildFile; fileRef = 27E89B712A4E1E1A004398DE /* IsTheKegEmptyUITests.swift */; };
		27E89B742A4E1E1A004398DE /* IsTheKegEmptyUITestsLaunchTests.swift in Sources */ = {isa = PBXBuildFile; fileRef = 27E89B732A4E1E1A004398DE /* IsTheKegEmptyUITestsLaunchTests.swift */; };
		27E89B812A4E1FB6004398DE /* InventoryVM.swift in Sources */ = {isa = PBXBuildFile; fileRef = 27E89B802A4E1FB6004398DE /* InventoryVM.swift */; };
		27E89B832A4E20FD004398DE /* KegView.swift in Sources */ = {isa = PBXBuildFile; fileRef = 27E89B822A4E20FC004398DE /* KegView.swift */; };
		27E89B852A4E22BC004398DE /* AuthVM.swift in Sources */ = {isa = PBXBuildFile; fileRef = 27E89B842A4E22BC004398DE /* AuthVM.swift */; };
		27E89B872A4F7A09004398DE /* ApiClient.swift in Sources */ = {isa = PBXBuildFile; fileRef = 27E89B862A4F7A09004398DE /* ApiClient.swift */; };
/* End PBXBuildFile section */

/* Begin PBXContainerItemProxy section */
		27E89B642A4E1E1A004398DE /* PBXContainerItemProxy */ = {
			isa = PBXContainerItemProxy;
			containerPortal = 27E89B4A2A4E1E1A004398DE /* Project object */;
			proxyType = 1;
			remoteGlobalIDString = 27E89B512A4E1E1A004398DE;
			remoteInfo = IsTheKegEmpty;
		};
		27E89B6E2A4E1E1A004398DE /* PBXContainerItemProxy */ = {
			isa = PBXContainerItemProxy;
			containerPortal = 27E89B4A2A4E1E1A004398DE /* Project object */;
			proxyType = 1;
			remoteGlobalIDString = 27E89B512A4E1E1A004398DE;
			remoteInfo = IsTheKegEmpty;
		};
/* End PBXContainerItemProxy section */

/* Begin PBXFileReference section */
		27E89B522A4E1E1A004398DE /* IsTheKegEmpty.app */ = {isa = PBXFileReference; explicitFileType = wrapper.application; includeInIndex = 0; path = IsTheKegEmpty.app; sourceTree = BUILT_PRODUCTS_DIR; };
		27E89B552A4E1E1A004398DE /* IsTheKegEmptyApp.swift */ = {isa = PBXFileReference; lastKnownFileType = sourcecode.swift; path = IsTheKegEmptyApp.swift; sourceTree = "<group>"; };
		27E89B572A4E1E1A004398DE /* ContentView.swift */ = {isa = PBXFileReference; lastKnownFileType = sourcecode.swift; path = ContentView.swift; sourceTree = "<group>"; };
		27E89B592A4E1E1A004398DE /* Assets.xcassets */ = {isa = PBXFileReference; lastKnownFileType = folder.assetcatalog; path = Assets.xcassets; sourceTree = "<group>"; };
		27E89B5B2A4E1E1A004398DE /* IsTheKegEmpty.entitlements */ = {isa = PBXFileReference; lastKnownFileType = text.plist.entitlements; path = IsTheKegEmpty.entitlements; sourceTree = "<group>"; };
		27E89B5D2A4E1E1A004398DE /* Preview Assets.xcassets */ = {isa = PBXFileReference; lastKnownFileType = folder.assetcatalog; path = "Preview Assets.xcassets"; sourceTree = "<group>"; };
		27E89B632A4E1E1A004398DE /* IsTheKegEmptyTests.xctest */ = {isa = PBXFileReference; explicitFileType = wrapper.cfbundle; includeInIndex = 0; path = IsTheKegEmptyTests.xctest; sourceTree = BUILT_PRODUCTS_DIR; };
		27E89B672A4E1E1A004398DE /* IsTheKegEmptyTests.swift */ = {isa = PBXFileReference; lastKnownFileType = sourcecode.swift; path = IsTheKegEmptyTests.swift; sourceTree = "<group>"; };
		27E89B6D2A4E1E1A004398DE /* IsTheKegEmptyUITests.xctest */ = {isa = PBXFileReference; explicitFileType = wrapper.cfbundle; includeInIndex = 0; path = IsTheKegEmptyUITests.xctest; sourceTree = BUILT_PRODUCTS_DIR; };
		27E89B712A4E1E1A004398DE /* IsTheKegEmptyUITests.swift */ = {isa = PBXFileReference; lastKnownFileType = sourcecode.swift; path = IsTheKegEmptyUITests.swift; sourceTree = "<group>"; };
		27E89B732A4E1E1A004398DE /* IsTheKegEmptyUITestsLaunchTests.swift */ = {isa = PBXFileReference; lastKnownFileType = sourcecode.swift; path = IsTheKegEmptyUITestsLaunchTests.swift; sourceTree = "<group>"; };
		27E89B802A4E1FB6004398DE /* InventoryVM.swift */ = {isa = PBXFileReference; lastKnownFileType = sourcecode.swift; path = InventoryVM.swift; sourceTree = "<group>"; };
		27E89B822A4E20FC004398DE /* KegView.swift */ = {isa = PBXFileReference; lastKnownFileType = sourcecode.swift; path = KegView.swift; sourceTree = "<group>"; };
		27E89B842A4E22BC004398DE /* AuthVM.swift */ = {isa = PBXFileReference; lastKnownFileType = sourcecode.swift; path = AuthVM.swift; sourceTree = "<group>"; };
		27E89B862A4F7A09004398DE /* ApiClient.swift */ = {isa = PBXFileReference; lastKnownFileType = sourcecode.swift; path = ApiClient.swift; sourceTree = "<group>"; };
/* End PBXFileReference section */

/* Begin PBXFrameworksBuildPhase section */
		27E89B4F2A4E1E1A004398DE /* Frameworks */ = {
			isa = PBXFrameworksBuildPhase;
			buildActionMask = 2147483647;
			files = (
			);
			runOnlyForDeploymentPostprocessing = 0;
		};
		27E89B602A4E1E1A004398DE /* Frameworks */ = {
			isa = PBXFrameworksBuildPhase;
			buildActionMask = 2147483647;
			files = (
			);
			runOnlyForDeploymentPostprocessing = 0;
		};
		27E89B6A2A4E1E1A004398DE /* Frameworks */ = {
			isa = PBXFrameworksBuildPhase;
			buildActionMask = 2147483647;
			files = (
			);
			runOnlyForDeploymentPostprocessing = 0;
		};
/* End PBXFrameworksBuildPhase section */

/* Begin PBXGroup section */
		27E89B492A4E1E1A004398DE = {
			isa = PBXGroup;
			children = (
				27E89B542A4E1E1A004398DE /* IsTheKegEmpty */,
				27E89B662A4E1E1A004398DE /* IsTheKegEmptyTests */,
				27E89B702A4E1E1A004398DE /* IsTheKegEmptyUITests */,
				27E89B532A4E1E1A004398DE /* Products */,
			);
			sourceTree = "<group>";
		};
		27E89B532A4E1E1A004398DE /* Products */ = {
			isa = PBXGroup;
			children = (
				27E89B522A4E1E1A004398DE /* IsTheKegEmpty.app */,
				27E89B632A4E1E1A004398DE /* IsTheKegEmptyTests.xctest */,
				27E89B6D2A4E1E1A004398DE /* IsTheKegEmptyUITests.xctest */,
			);
			name = Products;
			sourceTree = "<group>";
		};
		27E89B542A4E1E1A004398DE /* IsTheKegEmpty */ = {
			isa = PBXGroup;
			children = (
				27E89B862A4F7A09004398DE /* ApiClient.swift */,
				27E89B842A4E22BC004398DE /* AuthVM.swift */,
				27E89B572A4E1E1A004398DE /* ContentView.swift */,
				27E89B802A4E1FB6004398DE /* InventoryVM.swift */,
				27E89B552A4E1E1A004398DE /* IsTheKegEmptyApp.swift */,
				27E89B822A4E20FC004398DE /* KegView.swift */,
				27E89B592A4E1E1A004398DE /* Assets.xcassets */,
				27E89B5B2A4E1E1A004398DE /* IsTheKegEmpty.entitlements */,
				27E89B5C2A4E1E1A004398DE /* Preview Content */,
			);
			path = IsTheKegEmpty;
			sourceTree = "<group>";
		};
		27E89B5C2A4E1E1A004398DE /* Preview Content */ = {
			isa = PBXGroup;
			children = (
				27E89B5D2A4E1E1A004398DE /* Preview Assets.xcassets */,
			);
			path = "Preview Content";
			sourceTree = "<group>";
		};
		27E89B662A4E1E1A004398DE /* IsTheKegEmptyTests */ = {
			isa = PBXGroup;
			children = (
				27E89B672A4E1E1A004398DE /* IsTheKegEmptyTests.swift */,
			);
			path = IsTheKegEmptyTests;
			sourceTree = "<group>";
		};
		27E89B702A4E1E1A004398DE /* IsTheKegEmptyUITests */ = {
			isa = PBXGroup;
			children = (
				27E89B712A4E1E1A004398DE /* IsTheKegEmptyUITests.swift */,
				27E89B732A4E1E1A004398DE /* IsTheKegEmptyUITestsLaunchTests.swift */,
			);
			path = IsTheKegEmptyUITests;
			sourceTree = "<group>";
		};
/* End PBXGroup section */

/* Begin PBXNativeTarget section */
		27E89B512A4E1E1A004398DE /* IsTheKegEmpty */ = {
			isa = PBXNativeTarget;
			buildConfigurationList = 27E89B772A4E1E1A004398DE /* Build configuration list for PBXNativeTarget "IsTheKegEmpty" */;
			buildPhases = (
				27E89B4E2A4E1E1A004398DE /* Sources */,
				27E89B4F2A4E1E1A004398DE /* Frameworks */,
				27E89B502A4E1E1A004398DE /* Resources */,
			);
			buildRules = (
			);
			dependencies = (
			);
			name = IsTheKegEmpty;
			productName = IsTheKegEmpty;
			productReference = 27E89B522A4E1E1A004398DE /* IsTheKegEmpty.app */;
			productType = "com.apple.product-type.application";
		};
		27E89B622A4E1E1A004398DE /* IsTheKegEmptyTests */ = {
			isa = PBXNativeTarget;
			buildConfigurationList = 27E89B7A2A4E1E1A004398DE /* Build configuration list for PBXNativeTarget "IsTheKegEmptyTests" */;
			buildPhases = (
				27E89B5F2A4E1E1A004398DE /* Sources */,
				27E89B602A4E1E1A004398DE /* Frameworks */,
				27E89B612A4E1E1A004398DE /* Resources */,
			);
			buildRules = (
			);
			dependencies = (
				27E89B652A4E1E1A004398DE /* PBXTargetDependency */,
			);
			name = IsTheKegEmptyTests;
			productName = IsTheKegEmptyTests;
			productReference = 27E89B632A4E1E1A004398DE /* IsTheKegEmptyTests.xctest */;
			productType = "com.apple.product-type.bundle.unit-test";
		};
		27E89B6C2A4E1E1A004398DE /* IsTheKegEmptyUITests */ = {
			isa = PBXNativeTarget;
			buildConfigurationList = 27E89B7D2A4E1E1A004398DE /* Build configuration list for PBXNativeTarget "IsTheKegEmptyUITests" */;
			buildPhases = (
				27E89B692A4E1E1A004398DE /* Sources */,
				27E89B6A2A4E1E1A004398DE /* Frameworks */,
				27E89B6B2A4E1E1A004398DE /* Resources */,
			);
			buildRules = (
			);
			dependencies = (
				27E89B6F2A4E1E1A004398DE /* PBXTargetDependency */,
			);
			name = IsTheKegEmptyUITests;
			productName = IsTheKegEmptyUITests;
			productReference = 27E89B6D2A4E1E1A004398DE /* IsTheKegEmptyUITests.xctest */;
			productType = "com.apple.product-type.bundle.ui-testing";
		};
/* End PBXNativeTarget section */

/* Begin PBXProject section */
		27E89B4A2A4E1E1A004398DE /* Project object */ = {
			isa = PBXProject;
			attributes = {
				BuildIndependentTargetsInParallel = 1;
				LastSwiftUpdateCheck = 1430;
				LastUpgradeCheck = 1430;
				TargetAttributes = {
					27E89B512A4E1E1A004398DE = {
						CreatedOnToolsVersion = 14.3.1;
					};
					27E89B622A4E1E1A004398DE = {
						CreatedOnToolsVersion = 14.3.1;
						TestTargetID = 27E89B512A4E1E1A004398DE;
					};
					27E89B6C2A4E1E1A004398DE = {
						CreatedOnToolsVersion = 14.3.1;
						TestTargetID = 27E89B512A4E1E1A004398DE;
					};
				};
			};
			buildConfigurationList = 27E89B4D2A4E1E1A004398DE /* Build configuration list for PBXProject "IsTheKegEmpty" */;
			compatibilityVersion = "Xcode 14.0";
			developmentRegion = en;
			hasScannedForEncodings = 0;
			knownRegions = (
				en,
				Base,
			);
			mainGroup = 27E89B492A4E1E1A004398DE;
			productRefGroup = 27E89B532A4E1E1A004398DE /* Products */;
			projectDirPath = "";
			projectRoot = "";
			targets = (
				27E89B512A4E1E1A004398DE /* IsTheKegEmpty */,
				27E89B622A4E1E1A004398DE /* IsTheKegEmptyTests */,
				27E89B6C2A4E1E1A004398DE /* IsTheKegEmptyUITests */,
			);
		};
/* End PBXProject section */

/* Begin PBXResourcesBuildPhase section */
		27E89B502A4E1E1A004398DE /* Resources */ = {
			isa = PBXResourcesBuildPhase;
			buildActionMask = 2147483647;
			files = (
				27E89B5E2A4E1E1A004398DE /* Preview Assets.xcassets in Resources */,
				27E89B5A2A4E1E1A004398DE /* Assets.xcassets in Resources */,
			);
			runOnlyForDeploymentPostprocessing = 0;
		};
		27E89B612A4E1E1A004398DE /* Resources */ = {
			isa = PBXResourcesBuildPhase;
			buildActionMask = 2147483647;
			files = (
			);
			runOnlyForDeploymentPostprocessing = 0;
		};
		27E89B6B2A4E1E1A004398DE /* Resources */ = {
			isa = PBXResourcesBuildPhase;
			buildActionMask = 2147483647;
			files = (
			);
			runOnlyForDeploymentPostprocessing = 0;
		};
/* End PBXResourcesBuildPhase section */

/* Begin PBXSourcesBuildPhase section */
		27E89B4E2A4E1E1A004398DE /* Sources */ = {
			isa = PBXSourcesBuildPhase;
			buildActionMask = 2147483647;
			files = (
				27E89B852A4E22BC004398DE /* AuthVM.swift in Sources */,
				27E89B582A4E1E1A004398DE /* ContentView.swift in Sources */,
				27E89B562A4E1E1A004398DE /* IsTheKegEmptyApp.swift in Sources */,
				27E89B832A4E20FD004398DE /* KegView.swift in Sources */,
				27E89B812A4E1FB6004398DE /* InventoryVM.swift in Sources */,
				27E89B872A4F7A09004398DE /* ApiClient.swift in Sources */,
			);
			runOnlyForDeploymentPostprocessing = 0;
		};
		27E89B5F2A4E1E1A004398DE /* Sources */ = {
			isa = PBXSourcesBuildPhase;
			buildActionMask = 2147483647;
			files = (
				27E89B682A4E1E1A004398DE /* IsTheKegEmptyTests.swift in Sources */,
			);
			runOnlyForDeploymentPostprocessing = 0;
		};
		27E89B692A4E1E1A004398DE /* Sources */ = {
			isa = PBXSourcesBuildPhase;
			buildActionMask = 2147483647;
			files = (
				27E89B742A4E1E1A004398DE /* IsTheKegEmptyUITestsLaunchTests.swift in Sources */,
				27E89B722A4E1E1A004398DE /* IsTheKegEmptyUITests.swift in Sources */,
			);
			runOnlyForDeploymentPostprocessing = 0;
		};
/* End PBXSourcesBuildPhase section */

/* Begin PBXTargetDependency section */
		27E89B652A4E1E1A004398DE /* PBXTargetDependency */ = {
			isa = PBXTargetDependency;
			target = 27E89B512A4E1E1A004398DE /* IsTheKegEmpty */;
			targetProxy = 27E89B642A4E1E1A004398DE /* PBXContainerItemProxy */;
		};
		27E89B6F2A4E1E1A004398DE /* PBXTargetDependency */ = {
			isa = PBXTargetDependency;
			target = 27E89B512A4E1E1A004398DE /* IsTheKegEmpty */;
			targetProxy = 27E89B6E2A4E1E1A004398DE /* PBXContainerItemProxy */;
		};
/* End PBXTargetDependency section */

/* Begin XCBuildConfiguration section */
		27E89B752A4E1E1A004398DE /* Debug */ = {
			isa = XCBuildConfiguration;
			buildSettings = {
				ALWAYS_SEARCH_USER_PATHS = NO;
				CLANG_ANALYZER_NONNULL = YES;
				CLANG_ANALYZER_NUMBER_OBJECT_CONVERSION = YES_AGGRESSIVE;
				CLANG_CXX_LANGUAGE_STANDARD = "gnu++20";
				CLANG_ENABLE_MODULES = YES;
				CLANG_ENABLE_OBJC_ARC = YES;
				CLANG_ENABLE_OBJC_WEAK = YES;
				CLANG_WARN_BLOCK_CAPTURE_AUTORELEASING = YES;
				CLANG_WARN_BOOL_CONVERSION = YES;
				CLANG_WARN_COMMA = YES;
				CLANG_WARN_CONSTANT_CONVERSION = YES;
				CLANG_WARN_DEPRECATED_OBJC_IMPLEMENTATIONS = YES;
				CLANG_WARN_DIRECT_OBJC_ISA_USAGE = YES_ERROR;
				CLANG_WARN_DOCUMENTATION_COMMENTS = YES;
				CLANG_WARN_EMPTY_BODY = YES;
				CLANG_WARN_ENUM_CONVERSION = YES;
				CLANG_WARN_INFINITE_RECURSION = YES;
				CLANG_WARN_INT_CONVERSION = YES;
				CLANG_WARN_NON_LITERAL_NULL_CONVERSION = YES;
				CLANG_WARN_OBJC_IMPLICIT_RETAIN_SELF = YES;
				CLANG_WARN_OBJC_LITERAL_CONVERSION = YES;
				CLANG_WARN_OBJC_ROOT_CLASS = YES_ERROR;
				CLANG_WARN_QUOTED_INCLUDE_IN_FRAMEWORK_HEADER = YES;
				CLANG_WARN_RANGE_LOOP_ANALYSIS = YES;
				CLANG_WARN_STRICT_PROTOTYPES = YES;
				CLANG_WARN_SUSPICIOUS_MOVE = YES;
				CLANG_WARN_UNGUARDED_AVAILABILITY = YES_AGGRESSIVE;
				CLANG_WARN_UNREACHABLE_CODE = YES;
				CLANG_WARN__DUPLICATE_METHOD_MATCH = YES;
				COPY_PHASE_STRIP = NO;
				DEBUG_INFORMATION_FORMAT = dwarf;
				ENABLE_STRICT_OBJC_MSGSEND = YES;
				ENABLE_TESTABILITY = YES;
				GCC_C_LANGUAGE_STANDARD = gnu11;
				GCC_DYNAMIC_NO_PIC = NO;
				GCC_NO_COMMON_BLOCKS = YES;
				GCC_OPTIMIZATION_LEVEL = 0;
				GCC_PREPROCESSOR_DEFINITIONS = (
					"DEBUG=1",
					"$(inherited)",
				);
				GCC_WARN_64_TO_32_BIT_CONVERSION = YES;
				GCC_WARN_ABOUT_RETURN_TYPE = YES_ERROR;
				GCC_WARN_UNDECLARED_SELECTOR = YES;
				GCC_WARN_UNINITIALIZED_AUTOS = YES_AGGRESSIVE;
				GCC_WARN_UNUSED_FUNCTION = YES;
				GCC_WARN_UNUSED_VARIABLE = YES;
				MTL_ENABLE_DEBUG_INFO = INCLUDE_SOURCE;
				MTL_FAST_MATH = YES;
				ONLY_ACTIVE_ARCH = YES;
				SWIFT_ACTIVE_COMPILATION_CONDITIONS = DEBUG;
				SWIFT_OPTIMIZATION_LEVEL = "-Onone";
			};
			name = Debug;
		};
		27E89B762A4E1E1A004398DE /* Release */ = {
			isa = XCBuildConfiguration;
			buildSettings = {
				ALWAYS_SEARCH_USER_PATHS = NO;
				CLANG_ANALYZER_NONNULL = YES;
				CLANG_ANALYZER_NUMBER_OBJECT_CONVERSION = YES_AGGRESSIVE;
				CLANG_CXX_LANGUAGE_STANDARD = "gnu++20";
				CLANG_ENABLE_MODULES = YES;
				CLANG_ENABLE_OBJC_ARC = YES;
				CLANG_ENABLE_OBJC_WEAK = YES;
				CLANG_WARN_BLOCK_CAPTURE_AUTORELEASING = YES;
				CLANG_WARN_BOOL_CONVERSION = YES;
				CLANG_WARN_COMMA = YES;
				CLANG_WARN_CONSTANT_CONVERSION = YES;
				CLANG_WARN_DEPRECATED_OBJC_IMPLEMENTATIONS = YES;
				CLANG_WARN_DIRECT_OBJC_ISA_USAGE = YES_ERROR;
				CLANG_WARN_DOCUMENTATION_COMMENTS = YES;
				CLANG_WARN_EMPTY_BODY = YES;
				CLANG_WARN_ENUM_CONVERSION = YES;
				CLANG_WARN_INFINITE_RECURSION = YES;
				CLANG_WARN_INT_CONVERSION = YES;
				CLANG_WARN_NON_LITERAL_NULL_CONVERSION = YES;
				CLANG_WARN_OBJC_IMPLICIT_RETAIN_SELF = YES;
				CLANG_WARN_OBJC_LITERAL_CONVERSION = YES;
				CLANG_WARN_OBJC_ROOT_CLASS = YES_ERROR;
				CLANG_WARN_QUOTED_INCLUDE_IN_FRAMEWORK_HEADER = YES;
				CLANG_WARN_RANGE_LOOP_ANALYSIS = YES;
				CLANG_WARN_STRICT_PROTOTYPES = YES;
				CLANG_WARN_SUSPICIOUS_MOVE = YES;
				CLANG_WARN_UNGUARDED_AVAILABILITY = YES_AGGRESSIVE;
				CLANG_WARN_UNREACHABLE_CODE = YES;
				CLANG_WARN__DUPLICATE_METHOD_MATCH = YES;
				COPY_PHASE_STRIP = NO;
				DEBUG_INFORMATION_FORMAT = "dwarf-with-dsym";
				ENABLE_NS_ASSERTIONS = NO;
				ENABLE_STRICT_OBJC_MSGSEND = YES;
				GCC_C_LANGUAGE_STANDARD = gnu11;
				GCC_NO_COMMON_BLOCKS = YES;
				GCC_WARN_64_TO_32_BIT_CONVERSION = YES;
				GCC_WARN_ABOUT_RETURN_TYPE = YES_ERROR;
				GCC_WARN_UNDECLARED_SELECTOR = YES;
				GCC_WARN_UNINITIALIZED_AUTOS = YES_AGGRESSIVE;
				GCC_WARN_UNUSED_FUNCTION = YES;
				GCC_WARN_UNUSED_VARIABLE = YES;
				MTL_ENABLE_DEBUG_INFO = NO;
				MTL_FAST_MATH = YES;
				SWIFT_COMPILATION_MODE = wholemodule;
				SWIFT_OPTIMIZATION_LEVEL = "-O";
			};
			name = Release;
		};
		27E89B782A4E1E1A004398DE /* Debug */ = {
			isa = XCBuildConfiguration;
			buildSettings = {
				ASSETCATALOG_COMPILER_APPICON_NAME = AppIcon;
				ASSETCATALOG_COMPILER_GLOBAL_ACCENT_COLOR_NAME = AccentColor;
				CODE_SIGN_ENTITLEMENTS = IsTheKegEmpty/IsTheKegEmpty.entitlements;
				CODE_SIGN_STYLE = Automatic;
				CURRENT_PROJECT_VERSION = 1;
				DEVELOPMENT_ASSET_PATHS = "\"IsTheKegEmpty/Preview Content\"";
				DEVELOPMENT_TEAM = F42C985T48;
				ENABLE_HARDENED_RUNTIME = YES;
				ENABLE_PREVIEWS = YES;
				GENERATE_INFOPLIST_FILE = YES;
				"INFOPLIST_KEY_UIApplicationSceneManifest_Generation[sdk=iphoneos*]" = YES;
				"INFOPLIST_KEY_UIApplicationSceneManifest_Generation[sdk=iphonesimulator*]" = YES;
				"INFOPLIST_KEY_UIApplicationSupportsIndirectInputEvents[sdk=iphoneos*]" = YES;
				"INFOPLIST_KEY_UIApplicationSupportsIndirectInputEvents[sdk=iphonesimulator*]" = YES;
				"INFOPLIST_KEY_UILaunchScreen_Generation[sdk=iphoneos*]" = YES;
				"INFOPLIST_KEY_UILaunchScreen_Generation[sdk=iphonesimulator*]" = YES;
				"INFOPLIST_KEY_UIStatusBarStyle[sdk=iphoneos*]" = UIStatusBarStyleDefault;
				"INFOPLIST_KEY_UIStatusBarStyle[sdk=iphonesimulator*]" = UIStatusBarStyleDefault;
				INFOPLIST_KEY_UISupportedInterfaceOrientations_iPad = "UIInterfaceOrientationPortrait UIInterfaceOrientationPortraitUpsideDown UIInterfaceOrientationLandscapeLeft UIInterfaceOrientationLandscapeRight";
				INFOPLIST_KEY_UISupportedInterfaceOrientations_iPhone = "UIInterfaceOrientationPortrait UIInterfaceOrientationLandscapeLeft UIInterfaceOrientationLandscapeRight";
				IPHONEOS_DEPLOYMENT_TARGET = 16.4;
				LD_RUNPATH_SEARCH_PATHS = "@executable_path/Frameworks";
				"LD_RUNPATH_SEARCH_PATHS[sdk=macosx*]" = "@executable_path/../Frameworks";
				MACOSX_DEPLOYMENT_TARGET = 13.3;
				MARKETING_VERSION = 1.0;
				PRODUCT_BUNDLE_IDENTIFIER = "com.mjs-software.IsTheKegEmpty";
				PRODUCT_NAME = "$(TARGET_NAME)";
				SDKROOT = auto;
				SUPPORTED_PLATFORMS = "iphoneos iphonesimulator macosx";
				SWIFT_EMIT_LOC_STRINGS = YES;
				SWIFT_VERSION = 5.0;
				TARGETED_DEVICE_FAMILY = "1,2";
			};
			name = Debug;
		};
		27E89B792A4E1E1A004398DE /* Release */ = {
			isa = XCBuildConfiguration;
			buildSettings = {
				ASSETCATALOG_COMPILER_APPICON_NAME = AppIcon;
				ASSETCATALOG_COMPILER_GLOBAL_ACCENT_COLOR_NAME = AccentColor;
				CODE_SIGN_ENTITLEMENTS = IsTheKegEmpty/IsTheKegEmpty.entitlements;
				CODE_SIGN_STYLE = Automatic;
				CURRENT_PROJECT_VERSION = 1;
				DEVELOPMENT_ASSET_PATHS = "\"IsTheKegEmpty/Preview Content\"";
				DEVELOPMENT_TEAM = F42C985T48;
				ENABLE_HARDENED_RUNTIME = YES;
				ENABLE_PREVIEWS = YES;
				GENERATE_INFOPLIST_FILE = YES;
				"INFOPLIST_KEY_UIApplicationSceneManifest_Generation[sdk=iphoneos*]" = YES;
				"INFOPLIST_KEY_UIApplicationSceneManifest_Generation[sdk=iphonesimulator*]" = YES;
				"INFOPLIST_KEY_UIApplicationSupportsIndirectInputEvents[sdk=iphoneos*]" = YES;
				"INFOPLIST_KEY_UIApplicationSupportsIndirectInputEvents[sdk=iphonesimulator*]" = YES;
				"INFOPLIST_KEY_UILaunchScreen_Generation[sdk=iphoneos*]" = YES;
				"INFOPLIST_KEY_UILaunchScreen_Generation[sdk=iphonesimulator*]" = YES;
				"INFOPLIST_KEY_UIStatusBarStyle[sdk=iphoneos*]" = UIStatusBarStyleDefault;
				"INFOPLIST_KEY_UIStatusBarStyle[sdk=iphonesimulator*]" = UIStatusBarStyleDefault;
				INFOPLIST_KEY_UISupportedInterfaceOrientations_iPad = "UIInterfaceOrientationPortrait UIInterfaceOrientationPortraitUpsideDown UIInterfaceOrientationLandscapeLeft UIInterfaceOrientationLandscapeRight";
				INFOPLIST_KEY_UISupportedInterfaceOrientations_iPhone = "UIInterfaceOrientationPortrait UIInterfaceOrientationLandscapeLeft UIInterfaceOrientationLandscapeRight";
				IPHONEOS_DEPLOYMENT_TARGET = 16.4;
				LD_RUNPATH_SEARCH_PATHS = "@executable_path/Frameworks";
				"LD_RUNPATH_SEARCH_PATHS[sdk=macosx*]" = "@executable_path/../Frameworks";
				MACOSX_DEPLOYMENT_TARGET = 13.3;
				MARKETING_VERSION = 1.0;
				PRODUCT_BUNDLE_IDENTIFIER = "com.mjs-software.IsTheKegEmpty";
				PRODUCT_NAME = "$(TARGET_NAME)";
				SDKROOT = auto;
				SUPPORTED_PLATFORMS = "iphoneos iphonesimulator macosx";
				SWIFT_EMIT_LOC_STRINGS = YES;
				SWIFT_VERSION = 5.0;
				TARGETED_DEVICE_FAMILY = "1,2";
			};
			name = Release;
		};
		27E89B7B2A4E1E1A004398DE /* Debug */ = {
			isa = XCBuildConfiguration;
			buildSettings = {
				ALWAYS_EMBED_SWIFT_STANDARD_LIBRARIES = YES;
				BUNDLE_LOADER = "$(TEST_HOST)";
				CODE_SIGN_STYLE = Automatic;
				CURRENT_PROJECT_VERSION = 1;
				DEVELOPMENT_TEAM = F42C985T48;
				GENERATE_INFOPLIST_FILE = YES;
				IPHONEOS_DEPLOYMENT_TARGET = 16.4;
				MACOSX_DEPLOYMENT_TARGET = 13.3;
				MARKETING_VERSION = 1.0;
				PRODUCT_BUNDLE_IDENTIFIER = "com.mjs-software.IsTheKegEmptyTests";
				PRODUCT_NAME = "$(TARGET_NAME)";
				SDKROOT = auto;
				SUPPORTED_PLATFORMS = "iphoneos iphonesimulator macosx";
				SWIFT_EMIT_LOC_STRINGS = NO;
				SWIFT_VERSION = 5.0;
				TARGETED_DEVICE_FAMILY = "1,2";
				TEST_HOST = "$(BUILT_PRODUCTS_DIR)/IsTheKegEmpty.app/$(BUNDLE_EXECUTABLE_FOLDER_PATH)/IsTheKegEmpty";
			};
			name = Debug;
		};
		27E89B7C2A4E1E1A004398DE /* Release */ = {
			isa = XCBuildConfiguration;
			buildSettings = {
				ALWAYS_EMBED_SWIFT_STANDARD_LIBRARIES = YES;
				BUNDLE_LOADER = "$(TEST_HOST)";
				CODE_SIGN_STYLE = Automatic;
				CURRENT_PROJECT_VERSION = 1;
				DEVELOPMENT_TEAM = F42C985T48;
				GENERATE_INFOPLIST_FILE = YES;
				IPHONEOS_DEPLOYMENT_TARGET = 16.4;
				MACOSX_DEPLOYMENT_TARGET = 13.3;
				MARKETING_VERSION = 1.0;
				PRODUCT_BUNDLE_IDENTIFIER = "com.mjs-software.IsTheKegEmptyTests";
				PRODUCT_NAME = "$(TARGET_NAME)";
				SDKROOT = auto;
				SUPPORTED_PLATFORMS = "iphoneos iphonesimulator macosx";
				SWIFT_EMIT_LOC_STRINGS = NO;
				SWIFT_VERSION = 5.0;
				TARGETED_DEVICE_FAMILY = "1,2";
				TEST_HOST = "$(BUILT_PRODUCTS_DIR)/IsTheKegEmpty.app/$(BUNDLE_EXECUTABLE_FOLDER_PATH)/IsTheKegEmpty";
			};
			name = Release;
		};
		27E89B7E2A4E1E1A004398DE /* Debug */ = {
			isa = XCBuildConfiguration;
			buildSettings = {
				ALWAYS_EMBED_SWIFT_STANDARD_LIBRARIES = YES;
				CODE_SIGN_STYLE = Automatic;
				CURRENT_PROJECT_VERSION = 1;
				DEVELOPMENT_TEAM = F42C985T48;
				GENERATE_INFOPLIST_FILE = YES;
				IPHONEOS_DEPLOYMENT_TARGET = 16.4;
				MACOSX_DEPLOYMENT_TARGET = 13.3;
				MARKETING_VERSION = 1.0;
				PRODUCT_BUNDLE_IDENTIFIER = "com.mjs-software.IsTheKegEmptyUITests";
				PRODUCT_NAME = "$(TARGET_NAME)";
				SDKROOT = auto;
				SUPPORTED_PLATFORMS = "iphoneos iphonesimulator macosx";
				SWIFT_EMIT_LOC_STRINGS = NO;
				SWIFT_VERSION = 5.0;
				TARGETED_DEVICE_FAMILY = "1,2";
				TEST_TARGET_NAME = IsTheKegEmpty;
			};
			name = Debug;
		};
		27E89B7F2A4E1E1A004398DE /* Release */ = {
			isa = XCBuildConfiguration;
			buildSettings = {
				ALWAYS_EMBED_SWIFT_STANDARD_LIBRARIES = YES;
				CODE_SIGN_STYLE = Automatic;
				CURRENT_PROJECT_VERSION = 1;
				DEVELOPMENT_TEAM = F42C985T48;
				GENERATE_INFOPLIST_FILE = YES;
				IPHONEOS_DEPLOYMENT_TARGET = 16.4;
				MACOSX_DEPLOYMENT_TARGET = 13.3;
				MARKETING_VERSION = 1.0;
				PRODUCT_BUNDLE_IDENTIFIER = "com.mjs-software.IsTheKegEmptyUITests";
				PRODUCT_NAME = "$(TARGET_NAME)";
				SDKROOT = auto;
				SUPPORTED_PLATFORMS = "iphoneos iphonesimulator macosx";
				SWIFT_EMIT_LOC_STRINGS = NO;
				SWIFT_VERSION = 5.0;
				TARGETED_DEVICE_FAMILY = "1,2";
				TEST_TARGET_NAME = IsTheKegEmpty;
			};
			name = Release;
		};
/* End XCBuildConfiguration section */

/* Begin XCConfigurationList section */
		27E89B4D2A4E1E1A004398DE /* Build configuration list for PBXProject "IsTheKegEmpty" */ = {
			isa = XCConfigurationList;
			buildConfigurations = (
				27E89B752A4E1E1A004398DE /* Debug */,
				27E89B762A4E1E1A004398DE /* Release */,
			);
			defaultConfigurationIsVisible = 0;
			defaultConfigurationName = Release;
		};
		27E89B772A4E1E1A004398DE /* Build configuration list for PBXNativeTarget "IsTheKegEmpty" */ = {
			isa = XCConfigurationList;
			buildConfigurations = (
				27E89B782A4E1E1A004398DE /* Debug */,
				27E89B792A4E1E1A004398DE /* Release */,
			);
			defaultConfigurationIsVisible = 0;
			defaultConfigurationName = Release;
		};
		27E89B7A2A4E1E1A004398DE /* Build configuration list for PBXNativeTarget "IsTheKegEmptyTests" */ = {
			isa = XCConfigurationList;
			buildConfigurations = (
				27E89B7B2A4E1E1A004398DE /* Debug */,
				27E89B7C2A4E1E1A004398DE /* Release */,
			);
			defaultConfigurationIsVisible = 0;
			defaultConfigurationName = Release;
		};
		27E89B7D2A4E1E1A004398DE /* Build configuration list for PBXNativeTarget "IsTheKegEmptyUITests" */ = {
			isa = XCConfigurationList;
			buildConfigurations = (
				27E89B7E2A4E1E1A004398DE /* Debug */,
				27E89B7F2A4E1E1A004398DE /* Release */,
			);
			defaultConfigurationIsVisible = 0;
			defaultConfigurationName = Release;
		};
/* End XCConfigurationList section */
	};
	rootObject = 27E89B4A2A4E1E1A004398DE /* Project object */;
}
